
Microsoft Visual Studio Solution File, Format Version 12.00
# Visual Studio Version 17
VisualStudioVersion = 17.10.35013.160
MinimumVisualStudioVersion = 10.0.40219.1
Project("{9A19103F-16F7-4668-BE54-9A1E7A4F7556}") = "WebApplication1", "WebApplication1.csproj", "{A7E4DECF-3C9F-4943-9436-CF75DD5EAD5C}"
EndProject
Global
	GlobalSection(SolutionConfigurationPlatforms) = preSolution
		Debug|Any CPU = Debug|Any CPU
		Release|Any CPU = Release|Any CPU
	EndGlobalSection
	GlobalSection(ProjectConfigurationPlatforms) = postSolution
		{A7E4DECF-3C9F-4943-9436-CF75DD5EAD5C}.Debug|Any CPU.ActiveCfg = Debug|Any CPU
		{A7E4DECF-3C9F-4943-9436-CF75DD5EAD5C}.Debug|Any CPU.Build.0 = Debug|Any CPU
		{A7E4DECF-3C9F-4943-9436-CF75DD5EAD5C}.Release|Any CPU.ActiveCfg = Release|Any CPU
		{A7E4DECF-3C9F-4943-9436-CF75DD5EAD5C}.Release|Any CPU.Build.0 = Release|Any CPU
	EndGlobalSection
	GlobalSection(SolutionProperties) = preSolution
		HideSolutionNode = FALSE
	EndGlobalSection
	GlobalSection(ExtensibilityGlobals) = postSolution
		SolutionGuid = {5113D73C-C6D2-46C0-9746-AA2D31674A45}
	EndGlobalSection
EndGlobal
