
Microsoft Visual Studio Solution File, Format Version 12.00
# Visual Studio Version 17
VisualStudioVersion = 17.10.35013.160
MinimumVisualStudioVersion = 10.0.40219.1
Project("{9A19103F-16F7-4668-BE54-9A1E7A4F7556}") = "WebApplication1", "WebApplication1.csproj", "{7208794C-C0DA-429E-AA60-000B903D42D7}"
EndProject
Project("{2150E333-8FDC-42A3-9474-1A3956D46DE8}") = "Solution Items", "Solution Items", "{71EC4B53-E35D-40B4-82CF-266A5E8DC5EF}"
	ProjectSection(SolutionItems) = preProject
		TextFile.txt = TextFile.txt
		TextFile2.txt = TextFile2.txt
	EndProjectSection
EndProject
Global
	GlobalSection(SolutionConfigurationPlatforms) = preSolution
		Debug|Any CPU = Debug|Any CPU
		Release|Any CPU = Release|Any CPU
	EndGlobalSection
	GlobalSection(ProjectConfigurationPlatforms) = postSolution
		{7208794C-C0DA-429E-AA60-000B903D42D7}.Debug|Any CPU.ActiveCfg = Debug|Any CPU
		{7208794C-C0DA-429E-AA60-000B903D42D7}.Debug|Any CPU.Build.0 = Debug|Any CPU
		{7208794C-C0DA-429E-AA60-000B903D42D7}.Release|Any CPU.ActiveCfg = Release|Any CPU
		{7208794C-C0DA-429E-AA60-000B903D42D7}.Release|Any CPU.Build.0 = Release|Any CPU
	EndGlobalSection
	GlobalSection(SolutionProperties) = preSolution
		HideSolutionNode = FALSE
	EndGlobalSection
	GlobalSection(ExtensibilityGlobals) = postSolution
		SolutionGuid = {A54E1D05-39B3-46E9-85EF-350ACD3E0B27}
	EndGlobalSection
EndGlobal
